
Microsoft Visual Studio Solution File, Format Version 12.00
# Visual Studio Version 17
VisualStudioVersion = 17.4.33205.214
MinimumVisualStudioVersion = 10.0.40219.1
Project("{FAE04EC0-301F-11D3-BF4B-00C04F79EFBC}") = "Restaurant", "Restaurant\Restaurant.csproj", "{BB5C732B-DD55-401D-BE15-3304B28B23BB}"
EndProject
Project("{FAE04EC0-301F-11D3-BF4B-00C04F79EFBC}") = "CapaDatos", "CapaDatos\CapaDatos.csproj", "{62DBD1F8-5772-4381-8AD5-932F1A15EB6D}"
EndProject
Project("{FAE04EC0-301F-11D3-BF4B-00C04F79EFBC}") = "CapaControlador", "CapaControlador\CapaControlador.csproj", "{DE893FED-BC2C-4E35-84A3-C2F55586E32A}"
EndProject
Global
	GlobalSection(SolutionConfigurationPlatforms) = preSolution
		Debug|Any CPU = Debug|Any CPU
		Release|Any CPU = Release|Any CPU
	EndGlobalSection
	GlobalSection(ProjectConfigurationPlatforms) = postSolution
		{BB5C732B-DD55-401D-BE15-3304B28B23BB}.Debug|Any CPU.ActiveCfg = Debug|Any CPU
		{BB5C732B-DD55-401D-BE15-3304B28B23BB}.Debug|Any CPU.Build.0 = Debug|Any CPU
		{BB5C732B-DD55-401D-BE15-3304B28B23BB}.Release|Any CPU.ActiveCfg = Release|Any CPU
		{BB5C732B-DD55-401D-BE15-3304B28B23BB}.Release|Any CPU.Build.0 = Release|Any CPU
		{62DBD1F8-5772-4381-8AD5-932F1A15EB6D}.Debug|Any CPU.ActiveCfg = Debug|Any CPU
		{62DBD1F8-5772-4381-8AD5-932F1A15EB6D}.Debug|Any CPU.Build.0 = Debug|Any CPU
		{62DBD1F8-5772-4381-8AD5-932F1A15EB6D}.Release|Any CPU.ActiveCfg = Release|Any CPU
		{62DBD1F8-5772-4381-8AD5-932F1A15EB6D}.Release|Any CPU.Build.0 = Release|Any CPU
		{DE893FED-BC2C-4E35-84A3-C2F55586E32A}.Debug|Any CPU.ActiveCfg = Debug|Any CPU
		{DE893FED-BC2C-4E35-84A3-C2F55586E32A}.Debug|Any CPU.Build.0 = Debug|Any CPU
		{DE893FED-BC2C-4E35-84A3-C2F55586E32A}.Release|Any CPU.ActiveCfg = Release|Any CPU
		{DE893FED-BC2C-4E35-84A3-C2F55586E32A}.Release|Any CPU.Build.0 = Release|Any CPU
	EndGlobalSection
	GlobalSection(SolutionProperties) = preSolution
		HideSolutionNode = FALSE
	EndGlobalSection
	GlobalSection(ExtensibilityGlobals) = postSolution
		SolutionGuid = {016E6002-38DC-4713-A5E2-267537561A37}
	EndGlobalSection
EndGlobal
